
Microsoft Visual Studio Solution File, Format Version 12.00
# Visual Studio Version 17
VisualStudioVersion = 17.14.36121.58 d17.14
MinimumVisualStudioVersion = 10.0.40219.1
Project("{8BC9CEB8-8B4A-11D0-8D11-00A0C91BC942}") = "one_step_backup", "one_step_backup.vcxproj", "{ADF08044-7F00-4A2B-A31C-E0F78A29822F}"
EndProject
Global
	GlobalSection(SolutionConfigurationPlatforms) = preSolution
		Debug|x64 = Debug|x64
		Release|x64 = Release|x64
	EndGlobalSection
	GlobalSection(ProjectConfigurationPlatforms) = postSolution
		{ADF08044-7F00-4A2B-A31C-E0F78A29822F}.Debug|x64.ActiveCfg = Debug|x64
		{ADF08044-7F00-4A2B-A31C-E0F78A29822F}.Debug|x64.Build.0 = Debug|x64
		{ADF08044-7F00-4A2B-A31C-E0F78A29822F}.Release|x64.ActiveCfg = Release|x64
		{ADF08044-7F00-4A2B-A31C-E0F78A29822F}.Release|x64.Build.0 = Release|x64
	EndGlobalSection
	GlobalSection(SolutionProperties) = preSolution
		HideSolutionNode = FALSE
	EndGlobalSection
	GlobalSection(ExtensibilityGlobals) = postSolution
		SolutionGuid = {26F7955D-E241-49B6-89FA-4BEC2CD2ED1A}
	EndGlobalSection
EndGlobal
